
Microsoft Visual Studio Solution File, Format Version 12.00
Project("{FAE04EC0-301F-11D3-BF4B-00C04F79EFBC}") = "CS_Assignment4", "CS_Assignment4\CS_Assignment4.csproj", "{19B49FD6-0CC8-473B-B9FD-63980B2F489A}"
EndProject
Global
	GlobalSection(SolutionConfigurationPlatforms) = preSolution
		Debug|Any CPU = Debug|Any CPU
		Release|Any CPU = Release|Any CPU
	EndGlobalSection
	GlobalSection(ProjectConfigurationPlatforms) = postSolution
		{19B49FD6-0CC8-473B-B9FD-63980B2F489A}.Debug|Any CPU.ActiveCfg = Debug|Any CPU
		{19B49FD6-0CC8-473B-B9FD-63980B2F489A}.Debug|Any CPU.Build.0 = Debug|Any CPU
		{19B49FD6-0CC8-473B-B9FD-63980B2F489A}.Release|Any CPU.ActiveCfg = Release|Any CPU
		{19B49FD6-0CC8-473B-B9FD-63980B2F489A}.Release|Any CPU.Build.0 = Release|Any CPU
	EndGlobalSection
EndGlobal
